
Microsoft Visual Studio Solution File, Format Version 12.00
# Visual Studio Version 17
VisualStudioVersion = 17.6.33829.357
MinimumVisualStudioVersion = 10.0.40219.1
Project("{FAE04EC0-301F-11D3-BF4B-00C04F79EFBC}") = "OfficeManagementSystem", "OfficeManagementSystem\OfficeManagementSystem.csproj", "{9531A287-BC94-4F9B-9D48-0146822FB7CA}"
EndProject
Global
	GlobalSection(SolutionConfigurationPlatforms) = preSolution
		Debug|Any CPU = Debug|Any CPU
		Release|Any CPU = Release|Any CPU
	EndGlobalSection
	GlobalSection(ProjectConfigurationPlatforms) = postSolution
		{9531A287-BC94-4F9B-9D48-0146822FB7CA}.Debug|Any CPU.ActiveCfg = Debug|Any CPU
		{9531A287-BC94-4F9B-9D48-0146822FB7CA}.Debug|Any CPU.Build.0 = Debug|Any CPU
		{9531A287-BC94-4F9B-9D48-0146822FB7CA}.Release|Any CPU.ActiveCfg = Release|Any CPU
		{9531A287-BC94-4F9B-9D48-0146822FB7CA}.Release|Any CPU.Build.0 = Release|Any CPU
	EndGlobalSection
	GlobalSection(SolutionProperties) = preSolution
		HideSolutionNode = FALSE
	EndGlobalSection
	GlobalSection(ExtensibilityGlobals) = postSolution
		SolutionGuid = {AFE87E1A-60BA-48FE-A192-EF07D8CE1CCB}
	EndGlobalSection
EndGlobal
